
Microsoft Visual Studio Solution File, Format Version 12.00
# Visual Studio Version 16
VisualStudioVersion = 16.0.32413.511
MinimumVisualStudioVersion = 10.0.40219.1
Project("{FAE04EC0-301F-11D3-BF4B-00C04F79EFBC}") = "Libaray MVP Corse", "Libaray MVP Corse.csproj", "{64F5D3F0-203B-469B-978A-8990734C0E2E}"
EndProject
Global
	GlobalSection(SolutionConfigurationPlatforms) = preSolution
		Debug|Any CPU = Debug|Any CPU
		Release|Any CPU = Release|Any CPU
	EndGlobalSection
	GlobalSection(ProjectConfigurationPlatforms) = postSolution
		{64F5D3F0-203B-469B-978A-8990734C0E2E}.Debug|Any CPU.ActiveCfg = Debug|Any CPU
		{64F5D3F0-203B-469B-978A-8990734C0E2E}.Debug|Any CPU.Build.0 = Debug|Any CPU
		{64F5D3F0-203B-469B-978A-8990734C0E2E}.Release|Any CPU.ActiveCfg = Release|Any CPU
		{64F5D3F0-203B-469B-978A-8990734C0E2E}.Release|Any CPU.Build.0 = Release|Any CPU
	EndGlobalSection
	GlobalSection(SolutionProperties) = preSolution
		HideSolutionNode = FALSE
	EndGlobalSection
	GlobalSection(ExtensibilityGlobals) = postSolution
		SolutionGuid = {87EAF2C9-7DC4-47C0-95BE-CF51CBAB3B98}
	EndGlobalSection
EndGlobal
